{
  "name": "abhi21121211.github.io",
  "version": "1.0.0",
  "lockfileVersion": 3,
  "requires": true,
  "packages": {
    "": {
      "name": "abhi21121211.github.io",
      "version": "1.0.0",
      "license": "ISC",
      "dependencies": {
        "@abhi21121211/project-pa-runtime": "^1.1.22"
      }
    },
    "node_modules/@abhi21121211/project-pa-runtime": {
      "version": "1.1.22",
      "resolved": "https://registry.npmjs.org/@abhi21121211/project-pa-runtime/-/project-pa-runtime-1.1.22.tgz",
      "integrity": "sha512-End7LBBjYOozlHPqr6iPrmILZXleW1enGvIJV0WMIyRmlMuCvQXg1CgBkJX7oHhQNgOHVWqdwnBMn9f16Ehv9A==",
      "license": "MIT"
    }
  }
}
